
Microsoft Visual Studio Solution File, Format Version 12.00
# Visual Studio 15
VisualStudioVersion = 15.0.26430.6
MinimumVisualStudioVersion = 10.0.40219.1
Project("{FAE04EC0-301F-11D3-BF4B-00C04F79EFBC}") = "Hello", "Hello\Hello.csproj", "{8B72897A-54AC-40D4-923C-05CD0BC28E69}"
EndProject
Project("{FAE04EC0-301F-11D3-BF4B-00C04F79EFBC}") = "NextDay", "NextDay\NextDay.csproj", "{5CE6FD06-D594-4B77-8A9F-45A98723EB7A}"
EndProject
Project("{FAE04EC0-301F-11D3-BF4B-00C04F79EFBC}") = "TribonachiTriangle", "TribonachiTriangle\TribonachiTriangle.csproj", "{09F28174-BEC1-4C2A-A604-2BEEEE03AAD7}"
EndProject
Project("{FAE04EC0-301F-11D3-BF4B-00C04F79EFBC}") = "Sheets", "Sheets\Sheets.csproj", "{E9954F42-C102-476D-BBEC-851F932203B4}"
EndProject
Project("{FAE04EC0-301F-11D3-BF4B-00C04F79EFBC}") = "Carpets", "Carpets\Carpets.csproj", "{B2993F3E-6041-486A-BF87-B79DFB253685}"
EndProject
Global
	GlobalSection(SolutionConfigurationPlatforms) = preSolution
		Debug|Any CPU = Debug|Any CPU
		Release|Any CPU = Release|Any CPU
		Description = Quick Intro To Programming
	EndGlobalSection
	GlobalSection(ProjectConfigurationPlatforms) = postSolution
		{8B72897A-54AC-40D4-923C-05CD0BC28E69}.Debug|Any CPU.ActiveCfg = Debug|Any CPU
		{8B72897A-54AC-40D4-923C-05CD0BC28E69}.Debug|Any CPU.Build.0 = Debug|Any CPU
		{8B72897A-54AC-40D4-923C-05CD0BC28E69}.Release|Any CPU.ActiveCfg = Release|Any CPU
		{8B72897A-54AC-40D4-923C-05CD0BC28E69}.Release|Any CPU.Build.0 = Release|Any CPU
		{5CE6FD06-D594-4B77-8A9F-45A98723EB7A}.Debug|Any CPU.ActiveCfg = Debug|Any CPU
		{5CE6FD06-D594-4B77-8A9F-45A98723EB7A}.Debug|Any CPU.Build.0 = Debug|Any CPU
		{5CE6FD06-D594-4B77-8A9F-45A98723EB7A}.Release|Any CPU.ActiveCfg = Release|Any CPU
		{5CE6FD06-D594-4B77-8A9F-45A98723EB7A}.Release|Any CPU.Build.0 = Release|Any CPU
		{09F28174-BEC1-4C2A-A604-2BEEEE03AAD7}.Debug|Any CPU.ActiveCfg = Debug|Any CPU
		{09F28174-BEC1-4C2A-A604-2BEEEE03AAD7}.Debug|Any CPU.Build.0 = Debug|Any CPU
		{09F28174-BEC1-4C2A-A604-2BEEEE03AAD7}.Release|Any CPU.ActiveCfg = Release|Any CPU
		{09F28174-BEC1-4C2A-A604-2BEEEE03AAD7}.Release|Any CPU.Build.0 = Release|Any CPU
		{E9954F42-C102-476D-BBEC-851F932203B4}.Debug|Any CPU.ActiveCfg = Debug|Any CPU
		{E9954F42-C102-476D-BBEC-851F932203B4}.Debug|Any CPU.Build.0 = Debug|Any CPU
		{E9954F42-C102-476D-BBEC-851F932203B4}.Release|Any CPU.ActiveCfg = Release|Any CPU
		{E9954F42-C102-476D-BBEC-851F932203B4}.Release|Any CPU.Build.0 = Release|Any CPU
		{B2993F3E-6041-486A-BF87-B79DFB253685}.Debug|Any CPU.ActiveCfg = Debug|Any CPU
		{B2993F3E-6041-486A-BF87-B79DFB253685}.Debug|Any CPU.Build.0 = Debug|Any CPU
		{B2993F3E-6041-486A-BF87-B79DFB253685}.Release|Any CPU.ActiveCfg = Release|Any CPU
		{B2993F3E-6041-486A-BF87-B79DFB253685}.Release|Any CPU.Build.0 = Release|Any CPU
	EndGlobalSection
	GlobalSection(SolutionProperties) = preSolution
		HideSolutionNode = FALSE
	EndGlobalSection
EndGlobal
