
Microsoft Visual Studio Solution File, Format Version 12.00
# Visual Studio 15
VisualStudioVersion = 15.0.26430.6
MinimumVisualStudioVersion = 10.0.40219.1
Project("{FAE04EC0-301F-11D3-BF4B-00C04F79EFBC}") = "Hello", "Hello\Hello.csproj", "{8B72897A-54AC-40D4-923C-05CD0BC28E69}"
EndProject
Project("{FAE04EC0-301F-11D3-BF4B-00C04F79EFBC}") = "NextDay", "NextDay\NextDay.csproj", "{5CE6FD06-D594-4B77-8A9F-45A98723EB7A}"
EndProject
Project("{FAE04EC0-301F-11D3-BF4B-00C04F79EFBC}") = "TribonachiTriangle", "TribonachiTriangle\TribonachiTriangle.csproj", "{09F28174-BEC1-4C2A-A604-2BEEEE03AAD7}"
EndProject
Project("{FAE04EC0-301F-11D3-BF4B-00C04F79EFBC}") = "Sheets", "Sheets\Sheets.csproj", "{E9954F42-C102-476D-BBEC-851F932203B4}"
EndProject
Project("{FAE04EC0-301F-11D3-BF4B-00C04F79EFBC}") = "Carpets", "Carpets\Carpets.csproj", "{B2993F3E-6041-486A-BF87-B79DFB253685}"
EndProject
Project("{FAE04EC0-301F-11D3-BF4B-00C04F79EFBC}") = "FormulaBit1", "FormulaBit1\FormulaBit1.csproj", "{9011C2F6-B252-4244-9AEF-60B2932EDAB1}"
EndProject
Project("{FAE04EC0-301F-11D3-BF4B-00C04F79EFBC}") = "ifSimple1ExcelentGrade", "ifSimple1ExcelentGrade\ifSimple1ExcelentGrade.csproj", "{69C8547F-8305-45DE-AAB4-C13634D46257}"
EndProject
Project("{FAE04EC0-301F-11D3-BF4B-00C04F79EFBC}") = "ifSimple2ExcellentOrNot", "ifSimpleExcellentOrNot\ifSimple2ExcellentOrNot.csproj", "{FADF498B-C73D-4371-A144-9BC88894B37C}"
EndProject
Project("{FAE04EC0-301F-11D3-BF4B-00C04F79EFBC}") = "ifSimple3OddOrNot", "ifSimple3OddOrNot\ifSimple3OddOrNot.csproj", "{CB654E51-C8A4-4513-90F7-D325A01E4219}"
EndProject
Project("{FAE04EC0-301F-11D3-BF4B-00C04F79EFBC}") = "ifSimple4MaxOfTwoNums", "ifSimple4MaxOfTwoNums\ifSimple4MaxOfTwoNums.csproj", "{E7FC9536-2E16-48BA-82B7-53D44177FA54}"
EndProject
Project("{FAE04EC0-301F-11D3-BF4B-00C04F79EFBC}") = "ifSimple5PassCheck", "ifSimple5PassCheck\ifSimple5PassCheck.csproj", "{98A18568-C978-4F78-B93E-17C5ED265796}"
EndProject
Project("{FAE04EC0-301F-11D3-BF4B-00C04F79EFBC}") = "ifSimple6EqWords", "ifSimple6EqWords\ifSimple6EqWords.csproj", "{E30446D1-E675-4B77-85DA-61B4AF5F2BD2}"
EndProject
Project("{FAE04EC0-301F-11D3-BF4B-00C04F79EFBC}") = "ifSimple7After15Mins", "ifSimple7After15Mins\ifSimple7After15Mins.csproj", "{6F99F0A0-C833-45B1-93F9-A69A5C38FE16}"
EndProject
Project("{FAE04EC0-301F-11D3-BF4B-00C04F79EFBC}") = "ifSimple8Eq3Nums", "ifSimple8Eq3Nums\ifSimple8Eq3Nums.csproj", "{2AB7BD65-AE7D-41D1-A07E-62D700E84139}"
EndProject
Project("{FAE04EC0-301F-11D3-BF4B-00C04F79EFBC}") = "ifNested1NumToWords", "ifNested1NumToWords\ifNested1NumToWords.csproj", "{A982ABD5-12D9-4364-ABF5-0197C15E8940}"
EndProject
Project("{FAE04EC0-301F-11D3-BF4B-00C04F79EFBC}") = "ifNested2Bonus", "ifNested2Bonus\ifNested2Bonus.csproj", "{D3C08B04-4265-4E3F-AD8F-5F134EA43C1E}"
EndProject
Project("{FAE04EC0-301F-11D3-BF4B-00C04F79EFBC}") = "ifNested3SumSecunds", "ifNested3SumSecunds\ifNested3SumSecunds.csproj", "{5A14F774-5638-4795-800D-2F8A6B2FECD7}"
EndProject
Project("{FAE04EC0-301F-11D3-BF4B-00C04F79EFBC}") = "ifNested4Merki", "ifNested4Merki\ifNested4Merki.csproj", "{EC5C1AF7-0302-4135-AB67-066515C9AACD}"
EndProject
Project("{FAE04EC0-301F-11D3-BF4B-00C04F79EFBC}") = "ifNested5inRanges", "ifNested5inRanges\ifNested5inRanges.csproj", "{7B0F1B96-2851-4CD8-B21B-DC4F3B3C4D3D}"
EndProject
Project("{FAE04EC0-301F-11D3-BF4B-00C04F79EFBC}") = "ifNested6Skorost", "ifNested6Skorost\ifNested6Skorost.csproj", "{44D1B97F-5985-44E6-AE60-74EBEBF9F260}"
EndProject
Project("{FAE04EC0-301F-11D3-BF4B-00C04F79EFBC}") = "ifNested7FigAreas", "ifNested6FigAreas\ifNested7FigAreas.csproj", "{04CFF3FE-84A5-4F84-B43D-E86957E3AB08}"
EndProject
Project("{FAE04EC0-301F-11D3-BF4B-00C04F79EFBC}") = "ifComplex1Miss", "ifComplex1Miss\ifComplex1Miss.csproj", "{DFEF222B-213F-4A6C-8349-DA1EAC0DAD07}"
EndProject
Project("{FAE04EC0-301F-11D3-BF4B-00C04F79EFBC}") = "ifComplex2KvartMagazin", "ifComplex2KvartMagazin\ifComplex2KvartMagazin.csproj", "{FB21F89F-61DC-4A6A-BB0E-B1104FA80AF8}"
EndProject
Project("{FAE04EC0-301F-11D3-BF4B-00C04F79EFBC}") = "ifComplex3PointInRectangle", "ifComplex3PointInRectangle\ifComplex3PointInRectangle.csproj", "{277EDE4E-8973-47F1-950F-2BB2D93699A5}"
EndProject
Project("{FAE04EC0-301F-11D3-BF4B-00C04F79EFBC}") = "ifComplex4FruitVedjetable", "ifComplex4FruitVedjetable\ifComplex4FruitVedjetable.csproj", "{19E403B3-056F-46C7-BA57-87A95CC84533}"
EndProject
Project("{FAE04EC0-301F-11D3-BF4B-00C04F79EFBC}") = "ifComplex5NumValidation", "ifComplex5NumValidation\ifComplex5NumValidation.csproj", "{B259DA12-274E-43F4-93E1-350F49F0004E}"
EndProject
Project("{FAE04EC0-301F-11D3-BF4B-00C04F79EFBC}") = "Proekt1Exam1IntroProgZad4", "Proekt1Exam1IntroProgZad4\Proekt1Exam1IntroProgZad4.csproj", "{F5F1CCAE-D2DD-431A-820B-69A9DDF74274}"
EndProject
Project("{FAE04EC0-301F-11D3-BF4B-00C04F79EFBC}") = "Proekt1Exam1IntroProgZad2", "Proekt1Exam1IntroProgZad2\Proekt1Exam1IntroProgZad2.csproj", "{4EDF2FA2-C979-481D-BF27-63ED6F308D2B}"
EndProject
Project("{FAE04EC0-301F-11D3-BF4B-00C04F79EFBC}") = "Proekt1Exam1IntroProgZad1", "Proekt1Exam1IntroProgZad1\Proekt1Exam1IntroProgZad1.csproj", "{381A965E-C02D-4452-AA5A-82A0C3AB318B}"
EndProject
Project("{FAE04EC0-301F-11D3-BF4B-00C04F79EFBC}") = "Proekt1Exam1IntroProgZad3", "Proekt1Exam1IntroProgZad3\Proekt1Exam1IntroProgZad3.csproj", "{F61638F3-400C-4A2F-9AC0-74ABCCE8E799}"
EndProject
Project("{FAE04EC0-301F-11D3-BF4B-00C04F79EFBC}") = "ifComplex6OnRectangleBorder", "ifComplex6OnRectangleBorder\ifComplex6OnRectangleBorder.csproj", "{3F71DF94-CFDF-4D7D-B363-66C2D09B0DB7}"
EndProject
Project("{FAE04EC0-301F-11D3-BF4B-00C04F79EFBC}") = "ifComplex7DayOfWeek", "ifComplex7DayOfWeek\ifComplex7DayOfWeek.csproj", "{A267552B-7F8E-411A-9863-F6468365BA4F}"
EndProject
Project("{FAE04EC0-301F-11D3-BF4B-00C04F79EFBC}") = "ifComplex8Animaltype", "ifComplex8Animaltype\ifComplex8Animaltype.csproj", "{5644FF1F-87A2-4B59-B68D-BC1FA1508C2F}"
EndProject
Project("{FAE04EC0-301F-11D3-BF4B-00C04F79EFBC}") = "ifComplex9Kino", "ifComplex9Kino\ifComplex9Kino.csproj", "{5E2A9572-7EC8-4A13-994E-4CA87DDE5A2A}"
EndProject
Project("{FAE04EC0-301F-11D3-BF4B-00C04F79EFBC}") = "forSimple1SeqNums", "forSimple1SeqNums\forSimple1SeqNums.csproj", "{F21B6066-6458-4E7D-BAC1-B8E6C6388468}"
EndProject
Project("{FAE04EC0-301F-11D3-BF4B-00C04F79EFBC}") = "forSimple2LastDig", "forSimple2LastDig\forSimple2LastDig.csproj", "{25D1AC91-9317-4CD1-BFBE-F8D0E83A25D2}"
EndProject
Project("{FAE04EC0-301F-11D3-BF4B-00C04F79EFBC}") = "forSimple3LatinChars", "forSimple3LatinChars\forSimple3LatinChars.csproj", "{D8417931-C6D6-44EE-8CBF-0C69A7BC7276}"
EndProject
Project("{FAE04EC0-301F-11D3-BF4B-00C04F79EFBC}") = "forSimple4SumCalc", "forSimple4SumCalc\forSimple4SumCalc.csproj", "{A65ACCD2-17A3-4885-997A-34EC8345A787}"
EndProject
Project("{FAE04EC0-301F-11D3-BF4B-00C04F79EFBC}") = "forSimple5MaxNum", "forSimple5MaxNum\forSimple5MaxNum.csproj", "{D91365CB-4F49-4F34-9428-73B9E903820B}"
EndProject
Project("{FAE04EC0-301F-11D3-BF4B-00C04F79EFBC}") = "forSimple6MinNum", "forSimple6MinNum\forSimple6MinNum.csproj", "{EDFD46AD-69B3-4E69-A53A-B8CB7ED8D650}"
EndProject
Project("{FAE04EC0-301F-11D3-BF4B-00C04F79EFBC}") = "forSimple7LeftSumRight", "forSimple7LeftSumRight\forSimple7LeftSumRight.csproj", "{51E7293D-5F6F-420C-A986-0D03681EDDAD}"
EndProject
Project("{FAE04EC0-301F-11D3-BF4B-00C04F79EFBC}") = "forSimple8OddSumEven", "forSimple8OddSumEven\forSimple8OddSumEven.csproj", "{3F7AF2D0-A3FA-47EA-A16C-BFBD93373A5B}"
EndProject
Project("{FAE04EC0-301F-11D3-BF4B-00C04F79EFBC}") = "forSimple9EqPairs", "forSimple9EqPairs\forSimple9EqPairs.csproj", "{4BE46CC6-6CE4-43F5-A2BB-AF9BA896B1F4}"
EndProject
Project("{FAE04EC0-301F-11D3-BF4B-00C04F79EFBC}") = "forSimple10MaxEqSum", "forSimple10MaxEqSum\forSimple10MaxEqSum.csproj", "{F556045C-0922-408D-A456-6FA48A59AA99}"
EndProject
Project("{FAE04EC0-301F-11D3-BF4B-00C04F79EFBC}") = "forFig1Square10", "forFig1Square10\forFig1Square10.csproj", "{CB306758-C03B-4485-B747-2B151545C55E}"
EndProject
Project("{FAE04EC0-301F-11D3-BF4B-00C04F79EFBC}") = "forFig2SquareN", "forFig2SquareN\forFig2SquareN.csproj", "{E04E91C5-00DB-4334-8B3C-F24D0004C456}"
EndProject
Project("{FAE04EC0-301F-11D3-BF4B-00C04F79EFBC}") = "forFig3SquareStars", "forFig3SquareStars\forFig3SquareStars.csproj", "{4A1D19E2-3EF4-44ED-A480-99C841EAFAC3}"
EndProject
Project("{FAE04EC0-301F-11D3-BF4B-00C04F79EFBC}") = "forFig4Triangle", "forFig4Triangle\forFig4Triangle.csproj", "{F39C5417-4079-4DEB-82B8-F273FF7C45DB}"
EndProject
Project("{FAE04EC0-301F-11D3-BF4B-00C04F79EFBC}") = "forFig5SquareBorde", "forFig5SquareBorde\forFig5SquareBorde.csproj", "{A85DC49B-7A22-4A0B-B1DA-1825CC9C5BB2}"
EndProject
Project("{FAE04EC0-301F-11D3-BF4B-00C04F79EFBC}") = "Proekt1Exam1IntroProgZad5Fig", "Proekt1Exam1IntroProgZad5Fig\Proekt1Exam1IntroProgZad5Fig.csproj", "{DE97C73B-BFE7-4F5C-85E2-57B57BB89277}"
EndProject
Global
	GlobalSection(SolutionConfigurationPlatforms) = preSolution
		Debug|Any CPU = Debug|Any CPU
		Release|Any CPU = Release|Any CPU
		Description = Quick Intro To Programming
	EndGlobalSection
	GlobalSection(ProjectConfigurationPlatforms) = postSolution
		{8B72897A-54AC-40D4-923C-05CD0BC28E69}.Debug|Any CPU.ActiveCfg = Debug|Any CPU
		{8B72897A-54AC-40D4-923C-05CD0BC28E69}.Debug|Any CPU.Build.0 = Debug|Any CPU
		{8B72897A-54AC-40D4-923C-05CD0BC28E69}.Release|Any CPU.ActiveCfg = Release|Any CPU
		{8B72897A-54AC-40D4-923C-05CD0BC28E69}.Release|Any CPU.Build.0 = Release|Any CPU
		{5CE6FD06-D594-4B77-8A9F-45A98723EB7A}.Debug|Any CPU.ActiveCfg = Debug|Any CPU
		{5CE6FD06-D594-4B77-8A9F-45A98723EB7A}.Debug|Any CPU.Build.0 = Debug|Any CPU
		{5CE6FD06-D594-4B77-8A9F-45A98723EB7A}.Release|Any CPU.ActiveCfg = Release|Any CPU
		{5CE6FD06-D594-4B77-8A9F-45A98723EB7A}.Release|Any CPU.Build.0 = Release|Any CPU
		{09F28174-BEC1-4C2A-A604-2BEEEE03AAD7}.Debug|Any CPU.ActiveCfg = Debug|Any CPU
		{09F28174-BEC1-4C2A-A604-2BEEEE03AAD7}.Debug|Any CPU.Build.0 = Debug|Any CPU
		{09F28174-BEC1-4C2A-A604-2BEEEE03AAD7}.Release|Any CPU.ActiveCfg = Release|Any CPU
		{09F28174-BEC1-4C2A-A604-2BEEEE03AAD7}.Release|Any CPU.Build.0 = Release|Any CPU
		{E9954F42-C102-476D-BBEC-851F932203B4}.Debug|Any CPU.ActiveCfg = Debug|Any CPU
		{E9954F42-C102-476D-BBEC-851F932203B4}.Debug|Any CPU.Build.0 = Debug|Any CPU
		{E9954F42-C102-476D-BBEC-851F932203B4}.Release|Any CPU.ActiveCfg = Release|Any CPU
		{E9954F42-C102-476D-BBEC-851F932203B4}.Release|Any CPU.Build.0 = Release|Any CPU
		{B2993F3E-6041-486A-BF87-B79DFB253685}.Debug|Any CPU.ActiveCfg = Debug|Any CPU
		{B2993F3E-6041-486A-BF87-B79DFB253685}.Debug|Any CPU.Build.0 = Debug|Any CPU
		{B2993F3E-6041-486A-BF87-B79DFB253685}.Release|Any CPU.ActiveCfg = Release|Any CPU
		{B2993F3E-6041-486A-BF87-B79DFB253685}.Release|Any CPU.Build.0 = Release|Any CPU
		{9011C2F6-B252-4244-9AEF-60B2932EDAB1}.Debug|Any CPU.ActiveCfg = Debug|Any CPU
		{9011C2F6-B252-4244-9AEF-60B2932EDAB1}.Debug|Any CPU.Build.0 = Debug|Any CPU
		{9011C2F6-B252-4244-9AEF-60B2932EDAB1}.Release|Any CPU.ActiveCfg = Release|Any CPU
		{9011C2F6-B252-4244-9AEF-60B2932EDAB1}.Release|Any CPU.Build.0 = Release|Any CPU
		{69C8547F-8305-45DE-AAB4-C13634D46257}.Debug|Any CPU.ActiveCfg = Debug|Any CPU
		{69C8547F-8305-45DE-AAB4-C13634D46257}.Debug|Any CPU.Build.0 = Debug|Any CPU
		{69C8547F-8305-45DE-AAB4-C13634D46257}.Release|Any CPU.ActiveCfg = Release|Any CPU
		{69C8547F-8305-45DE-AAB4-C13634D46257}.Release|Any CPU.Build.0 = Release|Any CPU
		{FADF498B-C73D-4371-A144-9BC88894B37C}.Debug|Any CPU.ActiveCfg = Debug|Any CPU
		{FADF498B-C73D-4371-A144-9BC88894B37C}.Debug|Any CPU.Build.0 = Debug|Any CPU
		{FADF498B-C73D-4371-A144-9BC88894B37C}.Release|Any CPU.ActiveCfg = Release|Any CPU
		{FADF498B-C73D-4371-A144-9BC88894B37C}.Release|Any CPU.Build.0 = Release|Any CPU
		{CB654E51-C8A4-4513-90F7-D325A01E4219}.Debug|Any CPU.ActiveCfg = Debug|Any CPU
		{CB654E51-C8A4-4513-90F7-D325A01E4219}.Debug|Any CPU.Build.0 = Debug|Any CPU
		{CB654E51-C8A4-4513-90F7-D325A01E4219}.Release|Any CPU.ActiveCfg = Release|Any CPU
		{CB654E51-C8A4-4513-90F7-D325A01E4219}.Release|Any CPU.Build.0 = Release|Any CPU
		{E7FC9536-2E16-48BA-82B7-53D44177FA54}.Debug|Any CPU.ActiveCfg = Debug|Any CPU
		{E7FC9536-2E16-48BA-82B7-53D44177FA54}.Debug|Any CPU.Build.0 = Debug|Any CPU
		{E7FC9536-2E16-48BA-82B7-53D44177FA54}.Release|Any CPU.ActiveCfg = Release|Any CPU
		{E7FC9536-2E16-48BA-82B7-53D44177FA54}.Release|Any CPU.Build.0 = Release|Any CPU
		{98A18568-C978-4F78-B93E-17C5ED265796}.Debug|Any CPU.ActiveCfg = Debug|Any CPU
		{98A18568-C978-4F78-B93E-17C5ED265796}.Debug|Any CPU.Build.0 = Debug|Any CPU
		{98A18568-C978-4F78-B93E-17C5ED265796}.Release|Any CPU.ActiveCfg = Release|Any CPU
		{98A18568-C978-4F78-B93E-17C5ED265796}.Release|Any CPU.Build.0 = Release|Any CPU
		{E30446D1-E675-4B77-85DA-61B4AF5F2BD2}.Debug|Any CPU.ActiveCfg = Debug|Any CPU
		{E30446D1-E675-4B77-85DA-61B4AF5F2BD2}.Debug|Any CPU.Build.0 = Debug|Any CPU
		{E30446D1-E675-4B77-85DA-61B4AF5F2BD2}.Release|Any CPU.ActiveCfg = Release|Any CPU
		{E30446D1-E675-4B77-85DA-61B4AF5F2BD2}.Release|Any CPU.Build.0 = Release|Any CPU
		{6F99F0A0-C833-45B1-93F9-A69A5C38FE16}.Debug|Any CPU.ActiveCfg = Debug|Any CPU
		{6F99F0A0-C833-45B1-93F9-A69A5C38FE16}.Debug|Any CPU.Build.0 = Debug|Any CPU
		{6F99F0A0-C833-45B1-93F9-A69A5C38FE16}.Release|Any CPU.ActiveCfg = Release|Any CPU
		{6F99F0A0-C833-45B1-93F9-A69A5C38FE16}.Release|Any CPU.Build.0 = Release|Any CPU
		{2AB7BD65-AE7D-41D1-A07E-62D700E84139}.Debug|Any CPU.ActiveCfg = Debug|Any CPU
		{2AB7BD65-AE7D-41D1-A07E-62D700E84139}.Debug|Any CPU.Build.0 = Debug|Any CPU
		{2AB7BD65-AE7D-41D1-A07E-62D700E84139}.Release|Any CPU.ActiveCfg = Release|Any CPU
		{2AB7BD65-AE7D-41D1-A07E-62D700E84139}.Release|Any CPU.Build.0 = Release|Any CPU
		{A982ABD5-12D9-4364-ABF5-0197C15E8940}.Debug|Any CPU.ActiveCfg = Debug|Any CPU
		{A982ABD5-12D9-4364-ABF5-0197C15E8940}.Debug|Any CPU.Build.0 = Debug|Any CPU
		{A982ABD5-12D9-4364-ABF5-0197C15E8940}.Release|Any CPU.ActiveCfg = Release|Any CPU
		{A982ABD5-12D9-4364-ABF5-0197C15E8940}.Release|Any CPU.Build.0 = Release|Any CPU
		{D3C08B04-4265-4E3F-AD8F-5F134EA43C1E}.Debug|Any CPU.ActiveCfg = Debug|Any CPU
		{D3C08B04-4265-4E3F-AD8F-5F134EA43C1E}.Debug|Any CPU.Build.0 = Debug|Any CPU
		{D3C08B04-4265-4E3F-AD8F-5F134EA43C1E}.Release|Any CPU.ActiveCfg = Release|Any CPU
		{D3C08B04-4265-4E3F-AD8F-5F134EA43C1E}.Release|Any CPU.Build.0 = Release|Any CPU
		{5A14F774-5638-4795-800D-2F8A6B2FECD7}.Debug|Any CPU.ActiveCfg = Debug|Any CPU
		{5A14F774-5638-4795-800D-2F8A6B2FECD7}.Debug|Any CPU.Build.0 = Debug|Any CPU
		{5A14F774-5638-4795-800D-2F8A6B2FECD7}.Release|Any CPU.ActiveCfg = Release|Any CPU
		{5A14F774-5638-4795-800D-2F8A6B2FECD7}.Release|Any CPU.Build.0 = Release|Any CPU
		{EC5C1AF7-0302-4135-AB67-066515C9AACD}.Debug|Any CPU.ActiveCfg = Debug|Any CPU
		{EC5C1AF7-0302-4135-AB67-066515C9AACD}.Debug|Any CPU.Build.0 = Debug|Any CPU
		{EC5C1AF7-0302-4135-AB67-066515C9AACD}.Release|Any CPU.ActiveCfg = Release|Any CPU
		{EC5C1AF7-0302-4135-AB67-066515C9AACD}.Release|Any CPU.Build.0 = Release|Any CPU
		{7B0F1B96-2851-4CD8-B21B-DC4F3B3C4D3D}.Debug|Any CPU.ActiveCfg = Debug|Any CPU
		{7B0F1B96-2851-4CD8-B21B-DC4F3B3C4D3D}.Debug|Any CPU.Build.0 = Debug|Any CPU
		{7B0F1B96-2851-4CD8-B21B-DC4F3B3C4D3D}.Release|Any CPU.ActiveCfg = Release|Any CPU
		{7B0F1B96-2851-4CD8-B21B-DC4F3B3C4D3D}.Release|Any CPU.Build.0 = Release|Any CPU
		{44D1B97F-5985-44E6-AE60-74EBEBF9F260}.Debug|Any CPU.ActiveCfg = Debug|Any CPU
		{44D1B97F-5985-44E6-AE60-74EBEBF9F260}.Debug|Any CPU.Build.0 = Debug|Any CPU
		{44D1B97F-5985-44E6-AE60-74EBEBF9F260}.Release|Any CPU.ActiveCfg = Release|Any CPU
		{44D1B97F-5985-44E6-AE60-74EBEBF9F260}.Release|Any CPU.Build.0 = Release|Any CPU
		{04CFF3FE-84A5-4F84-B43D-E86957E3AB08}.Debug|Any CPU.ActiveCfg = Debug|Any CPU
		{04CFF3FE-84A5-4F84-B43D-E86957E3AB08}.Debug|Any CPU.Build.0 = Debug|Any CPU
		{04CFF3FE-84A5-4F84-B43D-E86957E3AB08}.Release|Any CPU.ActiveCfg = Release|Any CPU
		{04CFF3FE-84A5-4F84-B43D-E86957E3AB08}.Release|Any CPU.Build.0 = Release|Any CPU
		{DFEF222B-213F-4A6C-8349-DA1EAC0DAD07}.Debug|Any CPU.ActiveCfg = Debug|Any CPU
		{DFEF222B-213F-4A6C-8349-DA1EAC0DAD07}.Debug|Any CPU.Build.0 = Debug|Any CPU
		{DFEF222B-213F-4A6C-8349-DA1EAC0DAD07}.Release|Any CPU.ActiveCfg = Release|Any CPU
		{DFEF222B-213F-4A6C-8349-DA1EAC0DAD07}.Release|Any CPU.Build.0 = Release|Any CPU
		{FB21F89F-61DC-4A6A-BB0E-B1104FA80AF8}.Debug|Any CPU.ActiveCfg = Debug|Any CPU
		{FB21F89F-61DC-4A6A-BB0E-B1104FA80AF8}.Debug|Any CPU.Build.0 = Debug|Any CPU
		{FB21F89F-61DC-4A6A-BB0E-B1104FA80AF8}.Release|Any CPU.ActiveCfg = Release|Any CPU
		{FB21F89F-61DC-4A6A-BB0E-B1104FA80AF8}.Release|Any CPU.Build.0 = Release|Any CPU
		{277EDE4E-8973-47F1-950F-2BB2D93699A5}.Debug|Any CPU.ActiveCfg = Debug|Any CPU
		{277EDE4E-8973-47F1-950F-2BB2D93699A5}.Debug|Any CPU.Build.0 = Debug|Any CPU
		{277EDE4E-8973-47F1-950F-2BB2D93699A5}.Release|Any CPU.ActiveCfg = Release|Any CPU
		{277EDE4E-8973-47F1-950F-2BB2D93699A5}.Release|Any CPU.Build.0 = Release|Any CPU
		{19E403B3-056F-46C7-BA57-87A95CC84533}.Debug|Any CPU.ActiveCfg = Debug|Any CPU
		{19E403B3-056F-46C7-BA57-87A95CC84533}.Debug|Any CPU.Build.0 = Debug|Any CPU
		{19E403B3-056F-46C7-BA57-87A95CC84533}.Release|Any CPU.ActiveCfg = Release|Any CPU
		{19E403B3-056F-46C7-BA57-87A95CC84533}.Release|Any CPU.Build.0 = Release|Any CPU
		{B259DA12-274E-43F4-93E1-350F49F0004E}.Debug|Any CPU.ActiveCfg = Debug|Any CPU
		{B259DA12-274E-43F4-93E1-350F49F0004E}.Debug|Any CPU.Build.0 = Debug|Any CPU
		{B259DA12-274E-43F4-93E1-350F49F0004E}.Release|Any CPU.ActiveCfg = Release|Any CPU
		{B259DA12-274E-43F4-93E1-350F49F0004E}.Release|Any CPU.Build.0 = Release|Any CPU
		{F5F1CCAE-D2DD-431A-820B-69A9DDF74274}.Debug|Any CPU.ActiveCfg = Debug|Any CPU
		{F5F1CCAE-D2DD-431A-820B-69A9DDF74274}.Debug|Any CPU.Build.0 = Debug|Any CPU
		{F5F1CCAE-D2DD-431A-820B-69A9DDF74274}.Release|Any CPU.ActiveCfg = Release|Any CPU
		{F5F1CCAE-D2DD-431A-820B-69A9DDF74274}.Release|Any CPU.Build.0 = Release|Any CPU
		{4EDF2FA2-C979-481D-BF27-63ED6F308D2B}.Debug|Any CPU.ActiveCfg = Debug|Any CPU
		{4EDF2FA2-C979-481D-BF27-63ED6F308D2B}.Debug|Any CPU.Build.0 = Debug|Any CPU
		{4EDF2FA2-C979-481D-BF27-63ED6F308D2B}.Release|Any CPU.ActiveCfg = Release|Any CPU
		{4EDF2FA2-C979-481D-BF27-63ED6F308D2B}.Release|Any CPU.Build.0 = Release|Any CPU
		{381A965E-C02D-4452-AA5A-82A0C3AB318B}.Debug|Any CPU.ActiveCfg = Debug|Any CPU
		{381A965E-C02D-4452-AA5A-82A0C3AB318B}.Debug|Any CPU.Build.0 = Debug|Any CPU
		{381A965E-C02D-4452-AA5A-82A0C3AB318B}.Release|Any CPU.ActiveCfg = Release|Any CPU
		{381A965E-C02D-4452-AA5A-82A0C3AB318B}.Release|Any CPU.Build.0 = Release|Any CPU
		{F61638F3-400C-4A2F-9AC0-74ABCCE8E799}.Debug|Any CPU.ActiveCfg = Debug|Any CPU
		{F61638F3-400C-4A2F-9AC0-74ABCCE8E799}.Debug|Any CPU.Build.0 = Debug|Any CPU
		{F61638F3-400C-4A2F-9AC0-74ABCCE8E799}.Release|Any CPU.ActiveCfg = Release|Any CPU
		{F61638F3-400C-4A2F-9AC0-74ABCCE8E799}.Release|Any CPU.Build.0 = Release|Any CPU
		{3F71DF94-CFDF-4D7D-B363-66C2D09B0DB7}.Debug|Any CPU.ActiveCfg = Debug|Any CPU
		{3F71DF94-CFDF-4D7D-B363-66C2D09B0DB7}.Debug|Any CPU.Build.0 = Debug|Any CPU
		{3F71DF94-CFDF-4D7D-B363-66C2D09B0DB7}.Release|Any CPU.ActiveCfg = Release|Any CPU
		{3F71DF94-CFDF-4D7D-B363-66C2D09B0DB7}.Release|Any CPU.Build.0 = Release|Any CPU
		{A267552B-7F8E-411A-9863-F6468365BA4F}.Debug|Any CPU.ActiveCfg = Debug|Any CPU
		{A267552B-7F8E-411A-9863-F6468365BA4F}.Debug|Any CPU.Build.0 = Debug|Any CPU
		{A267552B-7F8E-411A-9863-F6468365BA4F}.Release|Any CPU.ActiveCfg = Release|Any CPU
		{A267552B-7F8E-411A-9863-F6468365BA4F}.Release|Any CPU.Build.0 = Release|Any CPU
		{5644FF1F-87A2-4B59-B68D-BC1FA1508C2F}.Debug|Any CPU.ActiveCfg = Debug|Any CPU
		{5644FF1F-87A2-4B59-B68D-BC1FA1508C2F}.Debug|Any CPU.Build.0 = Debug|Any CPU
		{5644FF1F-87A2-4B59-B68D-BC1FA1508C2F}.Release|Any CPU.ActiveCfg = Release|Any CPU
		{5644FF1F-87A2-4B59-B68D-BC1FA1508C2F}.Release|Any CPU.Build.0 = Release|Any CPU
		{5E2A9572-7EC8-4A13-994E-4CA87DDE5A2A}.Debug|Any CPU.ActiveCfg = Debug|Any CPU
		{5E2A9572-7EC8-4A13-994E-4CA87DDE5A2A}.Debug|Any CPU.Build.0 = Debug|Any CPU
		{5E2A9572-7EC8-4A13-994E-4CA87DDE5A2A}.Release|Any CPU.ActiveCfg = Release|Any CPU
		{5E2A9572-7EC8-4A13-994E-4CA87DDE5A2A}.Release|Any CPU.Build.0 = Release|Any CPU
		{F21B6066-6458-4E7D-BAC1-B8E6C6388468}.Debug|Any CPU.ActiveCfg = Debug|Any CPU
		{F21B6066-6458-4E7D-BAC1-B8E6C6388468}.Debug|Any CPU.Build.0 = Debug|Any CPU
		{F21B6066-6458-4E7D-BAC1-B8E6C6388468}.Release|Any CPU.ActiveCfg = Release|Any CPU
		{F21B6066-6458-4E7D-BAC1-B8E6C6388468}.Release|Any CPU.Build.0 = Release|Any CPU
		{25D1AC91-9317-4CD1-BFBE-F8D0E83A25D2}.Debug|Any CPU.ActiveCfg = Debug|Any CPU
		{25D1AC91-9317-4CD1-BFBE-F8D0E83A25D2}.Debug|Any CPU.Build.0 = Debug|Any CPU
		{25D1AC91-9317-4CD1-BFBE-F8D0E83A25D2}.Release|Any CPU.ActiveCfg = Release|Any CPU
		{25D1AC91-9317-4CD1-BFBE-F8D0E83A25D2}.Release|Any CPU.Build.0 = Release|Any CPU
		{D8417931-C6D6-44EE-8CBF-0C69A7BC7276}.Debug|Any CPU.ActiveCfg = Debug|Any CPU
		{D8417931-C6D6-44EE-8CBF-0C69A7BC7276}.Debug|Any CPU.Build.0 = Debug|Any CPU
		{D8417931-C6D6-44EE-8CBF-0C69A7BC7276}.Release|Any CPU.ActiveCfg = Release|Any CPU
		{D8417931-C6D6-44EE-8CBF-0C69A7BC7276}.Release|Any CPU.Build.0 = Release|Any CPU
		{A65ACCD2-17A3-4885-997A-34EC8345A787}.Debug|Any CPU.ActiveCfg = Debug|Any CPU
		{A65ACCD2-17A3-4885-997A-34EC8345A787}.Debug|Any CPU.Build.0 = Debug|Any CPU
		{A65ACCD2-17A3-4885-997A-34EC8345A787}.Release|Any CPU.ActiveCfg = Release|Any CPU
		{A65ACCD2-17A3-4885-997A-34EC8345A787}.Release|Any CPU.Build.0 = Release|Any CPU
		{D91365CB-4F49-4F34-9428-73B9E903820B}.Debug|Any CPU.ActiveCfg = Debug|Any CPU
		{D91365CB-4F49-4F34-9428-73B9E903820B}.Debug|Any CPU.Build.0 = Debug|Any CPU
		{D91365CB-4F49-4F34-9428-73B9E903820B}.Release|Any CPU.ActiveCfg = Release|Any CPU
		{D91365CB-4F49-4F34-9428-73B9E903820B}.Release|Any CPU.Build.0 = Release|Any CPU
		{EDFD46AD-69B3-4E69-A53A-B8CB7ED8D650}.Debug|Any CPU.ActiveCfg = Debug|Any CPU
		{EDFD46AD-69B3-4E69-A53A-B8CB7ED8D650}.Debug|Any CPU.Build.0 = Debug|Any CPU
		{EDFD46AD-69B3-4E69-A53A-B8CB7ED8D650}.Release|Any CPU.ActiveCfg = Release|Any CPU
		{EDFD46AD-69B3-4E69-A53A-B8CB7ED8D650}.Release|Any CPU.Build.0 = Release|Any CPU
		{51E7293D-5F6F-420C-A986-0D03681EDDAD}.Debug|Any CPU.ActiveCfg = Debug|Any CPU
		{51E7293D-5F6F-420C-A986-0D03681EDDAD}.Debug|Any CPU.Build.0 = Debug|Any CPU
		{51E7293D-5F6F-420C-A986-0D03681EDDAD}.Release|Any CPU.ActiveCfg = Release|Any CPU
		{51E7293D-5F6F-420C-A986-0D03681EDDAD}.Release|Any CPU.Build.0 = Release|Any CPU
		{3F7AF2D0-A3FA-47EA-A16C-BFBD93373A5B}.Debug|Any CPU.ActiveCfg = Debug|Any CPU
		{3F7AF2D0-A3FA-47EA-A16C-BFBD93373A5B}.Debug|Any CPU.Build.0 = Debug|Any CPU
		{3F7AF2D0-A3FA-47EA-A16C-BFBD93373A5B}.Release|Any CPU.ActiveCfg = Release|Any CPU
		{3F7AF2D0-A3FA-47EA-A16C-BFBD93373A5B}.Release|Any CPU.Build.0 = Release|Any CPU
		{4BE46CC6-6CE4-43F5-A2BB-AF9BA896B1F4}.Debug|Any CPU.ActiveCfg = Debug|Any CPU
		{4BE46CC6-6CE4-43F5-A2BB-AF9BA896B1F4}.Debug|Any CPU.Build.0 = Debug|Any CPU
		{4BE46CC6-6CE4-43F5-A2BB-AF9BA896B1F4}.Release|Any CPU.ActiveCfg = Release|Any CPU
		{4BE46CC6-6CE4-43F5-A2BB-AF9BA896B1F4}.Release|Any CPU.Build.0 = Release|Any CPU
		{F556045C-0922-408D-A456-6FA48A59AA99}.Debug|Any CPU.ActiveCfg = Debug|Any CPU
		{F556045C-0922-408D-A456-6FA48A59AA99}.Debug|Any CPU.Build.0 = Debug|Any CPU
		{F556045C-0922-408D-A456-6FA48A59AA99}.Release|Any CPU.ActiveCfg = Release|Any CPU
		{F556045C-0922-408D-A456-6FA48A59AA99}.Release|Any CPU.Build.0 = Release|Any CPU
		{CB306758-C03B-4485-B747-2B151545C55E}.Debug|Any CPU.ActiveCfg = Debug|Any CPU
		{CB306758-C03B-4485-B747-2B151545C55E}.Debug|Any CPU.Build.0 = Debug|Any CPU
		{CB306758-C03B-4485-B747-2B151545C55E}.Release|Any CPU.ActiveCfg = Release|Any CPU
		{CB306758-C03B-4485-B747-2B151545C55E}.Release|Any CPU.Build.0 = Release|Any CPU
		{E04E91C5-00DB-4334-8B3C-F24D0004C456}.Debug|Any CPU.ActiveCfg = Debug|Any CPU
		{E04E91C5-00DB-4334-8B3C-F24D0004C456}.Debug|Any CPU.Build.0 = Debug|Any CPU
		{E04E91C5-00DB-4334-8B3C-F24D0004C456}.Release|Any CPU.ActiveCfg = Release|Any CPU
		{E04E91C5-00DB-4334-8B3C-F24D0004C456}.Release|Any CPU.Build.0 = Release|Any CPU
		{4A1D19E2-3EF4-44ED-A480-99C841EAFAC3}.Debug|Any CPU.ActiveCfg = Debug|Any CPU
		{4A1D19E2-3EF4-44ED-A480-99C841EAFAC3}.Debug|Any CPU.Build.0 = Debug|Any CPU
		{4A1D19E2-3EF4-44ED-A480-99C841EAFAC3}.Release|Any CPU.ActiveCfg = Release|Any CPU
		{4A1D19E2-3EF4-44ED-A480-99C841EAFAC3}.Release|Any CPU.Build.0 = Release|Any CPU
		{F39C5417-4079-4DEB-82B8-F273FF7C45DB}.Debug|Any CPU.ActiveCfg = Debug|Any CPU
		{F39C5417-4079-4DEB-82B8-F273FF7C45DB}.Debug|Any CPU.Build.0 = Debug|Any CPU
		{F39C5417-4079-4DEB-82B8-F273FF7C45DB}.Release|Any CPU.ActiveCfg = Release|Any CPU
		{F39C5417-4079-4DEB-82B8-F273FF7C45DB}.Release|Any CPU.Build.0 = Release|Any CPU
		{A85DC49B-7A22-4A0B-B1DA-1825CC9C5BB2}.Debug|Any CPU.ActiveCfg = Debug|Any CPU
		{A85DC49B-7A22-4A0B-B1DA-1825CC9C5BB2}.Debug|Any CPU.Build.0 = Debug|Any CPU
		{A85DC49B-7A22-4A0B-B1DA-1825CC9C5BB2}.Release|Any CPU.ActiveCfg = Release|Any CPU
		{A85DC49B-7A22-4A0B-B1DA-1825CC9C5BB2}.Release|Any CPU.Build.0 = Release|Any CPU
		{DE97C73B-BFE7-4F5C-85E2-57B57BB89277}.Debug|Any CPU.ActiveCfg = Debug|Any CPU
		{DE97C73B-BFE7-4F5C-85E2-57B57BB89277}.Debug|Any CPU.Build.0 = Debug|Any CPU
		{DE97C73B-BFE7-4F5C-85E2-57B57BB89277}.Release|Any CPU.ActiveCfg = Release|Any CPU
		{DE97C73B-BFE7-4F5C-85E2-57B57BB89277}.Release|Any CPU.Build.0 = Release|Any CPU
	EndGlobalSection
	GlobalSection(SolutionProperties) = preSolution
		HideSolutionNode = FALSE
	EndGlobalSection
EndGlobal
